// !$*UTF8*$!
{
	archiveVersion = 1;
	classes = {
	};
	objectVersion = 46;
	objects = {

/* Begin PBXBuildFile section */
		ED32996018B75302001F683B /* API.m in Sources */ = {isa = PBXBuildFile; fileRef = ED32995F18B75302001F683B /* API.m */; };
		ED32996818B753D1001F683B /* UIAlertView+error.m in Sources */ = {isa = PBXBuildFile; fileRef = ED32996718B753D1001F683B /* UIAlertView+error.m */; };
		ED32996F18B75553001F683B /* LoginScreen.m in Sources */ = {isa = PBXBuildFile; fileRef = ED32996D18B75553001F683B /* LoginScreen.m */; };
		ED32997018B75553001F683B /* LoginScreen.xib in Resources */ = {isa = PBXBuildFile; fileRef = ED32996E18B75553001F683B /* LoginScreen.xib */; };
		ED35F86F18B9FB9100500419 /* man.png in Resources */ = {isa = PBXBuildFile; fileRef = ED35F86E18B9FB9100500419 /* man.png */; };
		ED35F89118BA002E00500419 /* Security.framework in Frameworks */ = {isa = PBXBuildFile; fileRef = ED35F89018BA002E00500419 /* Security.framework */; };
		ED35F89318BA003700500419 /* CFNetwork.framework in Frameworks */ = {isa = PBXBuildFile; fileRef = ED35F89218BA003700500419 /* CFNetwork.framework */; };
		ED35F89518BA004600500419 /* CoreImage.framework in Frameworks */ = {isa = PBXBuildFile; fileRef = ED35F89418BA004600500419 /* CoreImage.framework */; };
		ED5407B418ACAFB6001277A7 /* submit.png in Resources */ = {isa = PBXBuildFile; fileRef = ED5407B318ACAFB6001277A7 /* submit.png */; };
		ED5407B718ACCE08001277A7 /* Dish.m in Sources */ = {isa = PBXBuildFile; fileRef = ED5407B618ACCE08001277A7 /* Dish.m */; };
		ED5407BC18ACCF39001277A7 /* CoreDataHelper.m in Sources */ = {isa = PBXBuildFile; fileRef = ED5407BB18ACCF39001277A7 /* CoreDataHelper.m */; };
		ED5407BF18ACD236001277A7 /* AddNewDish.m in Sources */ = {isa = PBXBuildFile; fileRef = ED5407BE18ACD236001277A7 /* AddNewDish.m */; };
		ED5407C318ACD339001277A7 /* Dish+Create.m in Sources */ = {isa = PBXBuildFile; fileRef = ED5407C218ACD339001277A7 /* Dish+Create.m */; };
		ED5407C918ACD83F001277A7 /* CoreDataCollectionViewController.m in Sources */ = {isa = PBXBuildFile; fileRef = ED5407C818ACD83F001277A7 /* CoreDataCollectionViewController.m */; };
		ED5407CC18ACDC94001277A7 /* AFMasterViewController.m in Sources */ = {isa = PBXBuildFile; fileRef = ED5407CB18ACDC94001277A7 /* AFMasterViewController.m */; };
		EDDA878518A9300D0071622F /* Foundation.framework in Frameworks */ = {isa = PBXBuildFile; fileRef = EDDA878418A9300D0071622F /* Foundation.framework */; };
		EDDA878718A9300D0071622F /* CoreGraphics.framework in Frameworks */ = {isa = PBXBuildFile; fileRef = EDDA878618A9300D0071622F /* CoreGraphics.framework */; };
		EDDA878918A9300D0071622F /* UIKit.framework in Frameworks */ = {isa = PBXBuildFile; fileRef = EDDA878818A9300D0071622F /* UIKit.framework */; };
		EDDA878B18A9300D0071622F /* CoreData.framework in Frameworks */ = {isa = PBXBuildFile; fileRef = EDDA878A18A9300D0071622F /* CoreData.framework */; };
		EDDA879118A9300D0071622F /* InfoPlist.strings in Resources */ = {isa = PBXBuildFile; fileRef = EDDA878F18A9300D0071622F /* InfoPlist.strings */; };
		EDDA879318A9300D0071622F /* main.m in Sources */ = {isa = PBXBuildFile; fileRef = EDDA879218A9300D0071622F /* main.m */; };
		EDDA879718A9300D0071622F /* CSAppDelegate.m in Sources */ = {isa = PBXBuildFile; fileRef = EDDA879618A9300D0071622F /* CSAppDelegate.m */; };
		EDDA879A18A9300D0071622F /* CookShare2.xcdatamodeld in Sources */ = {isa = PBXBuildFile; fileRef = EDDA879818A9300D0071622F /* CookShare2.xcdatamodeld */; };
		EDDA879C18A9300D0071622F /* Images.xcassets in Resources */ = {isa = PBXBuildFile; fileRef = EDDA879B18A9300D0071622F /* Images.xcassets */; };
		EDDA87A318A9300D0071622F /* XCTest.framework in Frameworks */ = {isa = PBXBuildFile; fileRef = EDDA87A218A9300D0071622F /* XCTest.framework */; };
		EDDA87A418A9300D0071622F /* Foundation.framework in Frameworks */ = {isa = PBXBuildFile; fileRef = EDDA878418A9300D0071622F /* Foundation.framework */; };
		EDDA87A518A9300D0071622F /* UIKit.framework in Frameworks */ = {isa = PBXBuildFile; fileRef = EDDA878818A9300D0071622F /* UIKit.framework */; };
		EDDA87A618A9300D0071622F /* CoreData.framework in Frameworks */ = {isa = PBXBuildFile; fileRef = EDDA878A18A9300D0071622F /* CoreData.framework */; };
		EDDA87AE18A9300D0071622F /* InfoPlist.strings in Resources */ = {isa = PBXBuildFile; fileRef = EDDA87AC18A9300D0071622F /* InfoPlist.strings */; };
		EDDA87B018A9300D0071622F /* CookShare2Tests.m in Sources */ = {isa = PBXBuildFile; fileRef = EDDA87AF18A9300D0071622F /* CookShare2Tests.m */; };
		EDDA87BD18A930650071622F /* SWRevealViewController.m in Sources */ = {isa = PBXBuildFile; fileRef = EDDA87BC18A930650071622F /* SWRevealViewController.m */; };
		EDDA87C218A931130071622F /* RearViewController.m in Sources */ = {isa = PBXBuildFile; fileRef = EDDA87C018A931130071622F /* RearViewController.m */; };
		EDDA87C318A931130071622F /* RearViewController.xib in Resources */ = {isa = PBXBuildFile; fileRef = EDDA87C118A931130071622F /* RearViewController.xib */; };
		EDDA87C818A9314F0071622F /* FrontViewController.m in Sources */ = {isa = PBXBuildFile; fileRef = EDDA87C618A9314F0071622F /* FrontViewController.m */; };
		EDDA87C918A9314F0071622F /* FrontViewController.xib in Resources */ = {isa = PBXBuildFile; fileRef = EDDA87C718A9314F0071622F /* FrontViewController.xib */; };
		EDDA87CD18A933310071622F /* reveal-icon.png in Resources */ = {isa = PBXBuildFile; fileRef = EDDA87CB18A933310071622F /* reveal-icon.png */; };
		EDDA87CE18A933310071622F /* reveal-icon@2x.png in Resources */ = {isa = PBXBuildFile; fileRef = EDDA87CC18A933310071622F /* reveal-icon@2x.png */; };
		EDDA87D218A937B10071622F /* home.png in Resources */ = {isa = PBXBuildFile; fileRef = EDDA87D118A937B10071622F /* home.png */; };
		EDDA87D418A937D00071622F /* gear.png in Resources */ = {isa = PBXBuildFile; fileRef = EDDA87D318A937D00071622F /* gear.png */; };
		EDDA87D618A937EB0071622F /* new.png in Resources */ = {isa = PBXBuildFile; fileRef = EDDA87D518A937EB0071622F /* new.png */; };
		EDDA87D818A938420071622F /* flower.png in Resources */ = {isa = PBXBuildFile; fileRef = EDDA87D718A938420071622F /* flower.png */; };
		EDDA87DA18A938850071622F /* spanner.png in Resources */ = {isa = PBXBuildFile; fileRef = EDDA87D918A938850071622F /* spanner.png */; };
		EDDA87DC18A938910071622F /* star.png in Resources */ = {isa = PBXBuildFile; fileRef = EDDA87DB18A938910071622F /* star.png */; };
		EDDA87E518A940CB0071622F /* CategoriesViewController.m in Sources */ = {isa = PBXBuildFile; fileRef = EDDA87E318A940CB0071622F /* CategoriesViewController.m */; };
		EDDA87E618A940CB0071622F /* CategoriesViewController.xib in Resources */ = {isa = PBXBuildFile; fileRef = EDDA87E418A940CB0071622F /* CategoriesViewController.xib */; };
		EDDA87EA18A940D60071622F /* NewViewController.m in Sources */ = {isa = PBXBuildFile; fileRef = EDDA87E818A940D60071622F /* NewViewController.m */; };
		EDDA87EB18A940D60071622F /* NewViewController.xib in Resources */ = {isa = PBXBuildFile; fileRef = EDDA87E918A940D60071622F /* NewViewController.xib */; };
		EDDA87EF18A940E10071622F /* SettingsViewController.m in Sources */ = {isa = PBXBuildFile; fileRef = EDDA87ED18A940E10071622F /* SettingsViewController.m */; };
		EDDA87F018A940E10071622F /* SettingsViewController.xib in Resources */ = {isa = PBXBuildFile; fileRef = EDDA87EE18A940E10071622F /* SettingsViewController.xib */; };
		EDDA87F618A948F50071622F /* RecipeCollectionViewCell.m in Sources */ = {isa = PBXBuildFile; fileRef = EDDA87F518A948F50071622F /* RecipeCollectionViewCell.m */; };
		EDDA881618AA08BF0071622F /* food_items in Resources */ = {isa = PBXBuildFile; fileRef = EDDA881518AA08BF0071622F /* food_items */; };
		EDDA882118AA2E450071622F /* RecipeViewController.m in Sources */ = {isa = PBXBuildFile; fileRef = EDDA881F18AA2E450071622F /* RecipeViewController.m */; };
		EDDA882218AA2E450071622F /* RecipeViewController.xib in Resources */ = {isa = PBXBuildFile; fileRef = EDDA882018AA2E450071622F /* RecipeViewController.xib */; };
		EDDA882718AB50320071622F /* AddNewDishViewController.m in Sources */ = {isa = PBXBuildFile; fileRef = EDDA882518AB50320071622F /* AddNewDishViewController.m */; };
		EDDA882818AB50320071622F /* AddNewDishViewController.xib in Resources */ = {isa = PBXBuildFile; fileRef = EDDA882618AB50320071622F /* AddNewDishViewController.xib */; };
		EDDA882C18AB728A0071622F /* TextViewCell.m in Sources */ = {isa = PBXBuildFile; fileRef = EDDA882B18AB728A0071622F /* TextViewCell.m */; };
		EDDA883518AC99180071622F /* upload.png in Resources */ = {isa = PBXBuildFile; fileRef = EDDA883418AC99180071622F /* upload.png */; };
/* End PBXBuildFile section */

/* Begin PBXContainerItemProxy section */
		EDDA87A718A9300D0071622F /* PBXContainerItemProxy */ = {
			isa = PBXContainerItemProxy;
			containerPortal = EDDA877918A9300D0071622F /* Project object */;
			proxyType = 1;
			remoteGlobalIDString = EDDA878018A9300D0071622F;
			remoteInfo = CookShare2;
		};
/* End PBXContainerItemProxy section */

/* Begin PBXFileReference section */
		ED32995E18B75302001F683B /* API.h */ = {isa = PBXFileReference; fileEncoding = 4; lastKnownFileType = sourcecode.c.h; path = API.h; sourceTree = "<group>"; };
		ED32995F18B75302001F683B /* API.m */ = {isa = PBXFileReference; fileEncoding = 4; lastKnownFileType = sourcecode.c.objc; path = API.m; sourceTree = "<group>"; };
		ED32996618B753D1001F683B /* UIAlertView+error.h */ = {isa = PBXFileReference; fileEncoding = 4; lastKnownFileType = sourcecode.c.h; path = "UIAlertView+error.h"; sourceTree = "<group>"; };
		ED32996718B753D1001F683B /* UIAlertView+error.m */ = {isa = PBXFileReference; fileEncoding = 4; lastKnownFileType = sourcecode.c.objc; path = "UIAlertView+error.m"; sourceTree = "<group>"; };
		ED32996C18B75553001F683B /* LoginScreen.h */ = {isa = PBXFileReference; fileEncoding = 4; lastKnownFileType = sourcecode.c.h; path = LoginScreen.h; sourceTree = "<group>"; };
		ED32996D18B75553001F683B /* LoginScreen.m */ = {isa = PBXFileReference; fileEncoding = 4; lastKnownFileType = sourcecode.c.objc; path = LoginScreen.m; sourceTree = "<group>"; };
		ED32996E18B75553001F683B /* LoginScreen.xib */ = {isa = PBXFileReference; fileEncoding = 4; lastKnownFileType = file.xib; path = LoginScreen.xib; sourceTree = "<group>"; };
		ED35F86E18B9FB9100500419 /* man.png */ = {isa = PBXFileReference; lastKnownFileType = image.png; path = man.png; sourceTree = "<group>"; };
		ED35F89018BA002E00500419 /* Security.framework */ = {isa = PBXFileReference; lastKnownFileType = wrapper.framework; name = Security.framework; path = System/Library/Frameworks/Security.framework; sourceTree = SDKROOT; };
		ED35F89218BA003700500419 /* CFNetwork.framework */ = {isa = PBXFileReference; lastKnownFileType = wrapper.framework; name = CFNetwork.framework; path = System/Library/Frameworks/CFNetwork.framework; sourceTree = SDKROOT; };
		ED35F89418BA004600500419 /* CoreImage.framework */ = {isa = PBXFileReference; lastKnownFileType = wrapper.framework; name = CoreImage.framework; path = System/Library/Frameworks/CoreImage.framework; sourceTree = SDKROOT; };
		ED5407B318ACAFB6001277A7 /* submit.png */ = {isa = PBXFileReference; lastKnownFileType = image.png; path = submit.png; sourceTree = "<group>"; };
		ED5407B518ACCE08001277A7 /* Dish.h */ = {isa = PBXFileReference; fileEncoding = 4; lastKnownFileType = sourcecode.c.h; name = Dish.h; path = "RecipeNSManagedObject Classes/Dish.h"; sourceTree = "<group>"; };
		ED5407B618ACCE08001277A7 /* Dish.m */ = {isa = PBXFileReference; fileEncoding = 4; lastKnownFileType = sourcecode.c.objc; name = Dish.m; path = "RecipeNSManagedObject Classes/Dish.m"; sourceTree = "<group>"; };
		ED5407BA18ACCF39001277A7 /* CoreDataHelper.h */ = {isa = PBXFileReference; fileEncoding = 4; lastKnownFileType = sourcecode.c.h; path = CoreDataHelper.h; sourceTree = "<group>"; };
		ED5407BB18ACCF39001277A7 /* CoreDataHelper.m */ = {isa = PBXFileReference; fileEncoding = 4; lastKnownFileType = sourcecode.c.objc; path = CoreDataHelper.m; sourceTree = "<group>"; };
		ED5407BD18ACD236001277A7 /* AddNewDish.h */ = {isa = PBXFileReference; fileEncoding = 4; lastKnownFileType = sourcecode.c.h; path = AddNewDish.h; sourceTree = "<group>"; };
		ED5407BE18ACD236001277A7 /* AddNewDish.m */ = {isa = PBXFileReference; fileEncoding = 4; lastKnownFileType = sourcecode.c.objc; path = AddNewDish.m; sourceTree = "<group>"; };
		ED5407C118ACD339001277A7 /* Dish+Create.h */ = {isa = PBXFileReference; fileEncoding = 4; lastKnownFileType = sourcecode.c.h; path = "Dish+Create.h"; sourceTree = "<group>"; };
		ED5407C218ACD339001277A7 /* Dish+Create.m */ = {isa = PBXFileReference; fileEncoding = 4; lastKnownFileType = sourcecode.c.objc; path = "Dish+Create.m"; sourceTree = "<group>"; };
		ED5407C718ACD83F001277A7 /* CoreDataCollectionViewController.h */ = {isa = PBXFileReference; fileEncoding = 4; lastKnownFileType = sourcecode.c.h; path = CoreDataCollectionViewController.h; sourceTree = "<group>"; };
		ED5407C818ACD83F001277A7 /* CoreDataCollectionViewController.m */ = {isa = PBXFileReference; fileEncoding = 4; lastKnownFileType = sourcecode.c.objc; path = CoreDataCollectionViewController.m; sourceTree = "<group>"; };
		ED5407CA18ACDC94001277A7 /* AFMasterViewController.h */ = {isa = PBXFileReference; fileEncoding = 4; lastKnownFileType = sourcecode.c.h; path = AFMasterViewController.h; sourceTree = "<group>"; };
		ED5407CB18ACDC94001277A7 /* AFMasterViewController.m */ = {isa = PBXFileReference; fileEncoding = 4; lastKnownFileType = sourcecode.c.objc; path = AFMasterViewController.m; sourceTree = "<group>"; };
		EDDA878118A9300D0071622F /* CookShare2.app */ = {isa = PBXFileReference; explicitFileType = wrapper.application; includeInIndex = 0; path = CookShare2.app; sourceTree = BUILT_PRODUCTS_DIR; };
		EDDA878418A9300D0071622F /* Foundation.framework */ = {isa = PBXFileReference; lastKnownFileType = wrapper.framework; name = Foundation.framework; path = System/Library/Frameworks/Foundation.framework; sourceTree = SDKROOT; };
		EDDA878618A9300D0071622F /* CoreGraphics.framework */ = {isa = PBXFileReference; lastKnownFileType = wrapper.framework; name = CoreGraphics.framework; path = System/Library/Frameworks/CoreGraphics.framework; sourceTree = SDKROOT; };
		EDDA878818A9300D0071622F /* UIKit.framework */ = {isa = PBXFileReference; lastKnownFileType = wrapper.framework; name = UIKit.framework; path = System/Library/Frameworks/UIKit.framework; sourceTree = SDKROOT; };
		EDDA878A18A9300D0071622F /* CoreData.framework */ = {isa = PBXFileReference; lastKnownFileType = wrapper.framework; name = CoreData.framework; path = System/Library/Frameworks/CoreData.framework; sourceTree = SDKROOT; };
		EDDA878E18A9300D0071622F /* CookShare2-Info.plist */ = {isa = PBXFileReference; lastKnownFileType = text.plist.xml; path = "CookShare2-Info.plist"; sourceTree = "<group>"; };
		EDDA879018A9300D0071622F /* en */ = {isa = PBXFileReference; lastKnownFileType = text.plist.strings; name = en; path = en.lproj/InfoPlist.strings; sourceTree = "<group>"; };
		EDDA879218A9300D0071622F /* main.m */ = {isa = PBXFileReference; lastKnownFileType = sourcecode.c.objc; path = main.m; sourceTree = "<group>"; };
		EDDA879418A9300D0071622F /* CookShare2-Prefix.pch */ = {isa = PBXFileReference; lastKnownFileType = sourcecode.c.h; path = "CookShare2-Prefix.pch"; sourceTree = "<group>"; };
		EDDA879518A9300D0071622F /* CSAppDelegate.h */ = {isa = PBXFileReference; lastKnownFileType = sourcecode.c.h; path = CSAppDelegate.h; sourceTree = "<group>"; };
		EDDA879618A9300D0071622F /* CSAppDelegate.m */ = {isa = PBXFileReference; lastKnownFileType = sourcecode.c.objc; path = CSAppDelegate.m; sourceTree = "<group>"; };
		EDDA879918A9300D0071622F /* CookShare2.xcdatamodel */ = {isa = PBXFileReference; lastKnownFileType = wrapper.xcdatamodel; path = CookShare2.xcdatamodel; sourceTree = "<group>"; };
		EDDA879B18A9300D0071622F /* Images.xcassets */ = {isa = PBXFileReference; lastKnownFileType = folder.assetcatalog; path = Images.xcassets; sourceTree = "<group>"; };
		EDDA87A118A9300D0071622F /* CookShare2Tests.xctest */ = {isa = PBXFileReference; explicitFileType = wrapper.cfbundle; includeInIndex = 0; path = CookShare2Tests.xctest; sourceTree = BUILT_PRODUCTS_DIR; };
		EDDA87A218A9300D0071622F /* XCTest.framework */ = {isa = PBXFileReference; lastKnownFileType = wrapper.framework; name = XCTest.framework; path = Library/Frameworks/XCTest.framework; sourceTree = DEVELOPER_DIR; };
		EDDA87AB18A9300D0071622F /* CookShare2Tests-Info.plist */ = {isa = PBXFileReference; lastKnownFileType = text.plist.xml; path = "CookShare2Tests-Info.plist"; sourceTree = "<group>"; };
		EDDA87AD18A9300D0071622F /* en */ = {isa = PBXFileReference; lastKnownFileType = text.plist.strings; name = en; path = en.lproj/InfoPlist.strings; sourceTree = "<group>"; };
		EDDA87AF18A9300D0071622F /* CookShare2Tests.m */ = {isa = PBXFileReference; lastKnownFileType = sourcecode.c.objc; path = CookShare2Tests.m; sourceTree = "<group>"; };
		EDDA87BB18A930640071622F /* SWRevealViewController.h */ = {isa = PBXFileReference; fileEncoding = 4; lastKnownFileType = sourcecode.c.h; path = SWRevealViewController.h; sourceTree = "<group>"; };
		EDDA87BC18A930650071622F /* SWRevealViewController.m */ = {isa = PBXFileReference; fileEncoding = 4; lastKnownFileType = sourcecode.c.objc; path = SWRevealViewController.m; sourceTree = "<group>"; };
		EDDA87BF18A931130071622F /* RearViewController.h */ = {isa = PBXFileReference; fileEncoding = 4; lastKnownFileType = sourcecode.c.h; path = RearViewController.h; sourceTree = "<group>"; };
		EDDA87C018A931130071622F /* RearViewController.m */ = {isa = PBXFileReference; fileEncoding = 4; lastKnownFileType = sourcecode.c.objc; path = RearViewController.m; sourceTree = "<group>"; };
		EDDA87C118A931130071622F /* RearViewController.xib */ = {isa = PBXFileReference; fileEncoding = 4; lastKnownFileType = file.xib; path = RearViewController.xib; sourceTree = "<group>"; };
		EDDA87C518A9314F0071622F /* FrontViewController.h */ = {isa = PBXFileReference; fileEncoding = 4; lastKnownFileType = sourcecode.c.h; path = FrontViewController.h; sourceTree = "<group>"; };
		EDDA87C618A9314F0071622F /* FrontViewController.m */ = {isa = PBXFileReference; fileEncoding = 4; lastKnownFileType = sourcecode.c.objc; path = FrontViewController.m; sourceTree = "<group>"; };
		EDDA87C718A9314F0071622F /* FrontViewController.xib */ = {isa = PBXFileReference; fileEncoding = 4; lastKnownFileType = file.xib; path = FrontViewController.xib; sourceTree = "<group>"; };
		EDDA87CB18A933310071622F /* reveal-icon.png */ = {isa = PBXFileReference; lastKnownFileType = image.png; path = "reveal-icon.png"; sourceTree = "<group>"; };
		EDDA87CC18A933310071622F /* reveal-icon@2x.png */ = {isa = PBXFileReference; lastKnownFileType = image.png; path = "reveal-icon@2x.png"; sourceTree = "<group>"; };
		EDDA87D118A937B10071622F /* home.png */ = {isa = PBXFileReference; lastKnownFileType = image.png; path = home.png; sourceTree = "<group>"; };
		EDDA87D318A937D00071622F /* gear.png */ = {isa = PBXFileReference; lastKnownFileType = image.png; path = gear.png; sourceTree = "<group>"; };
		EDDA87D518A937EB0071622F /* new.png */ = {isa = PBXFileReference; lastKnownFileType = image.png; path = new.png; sourceTree = "<group>"; };
		EDDA87D718A938420071622F /* flower.png */ = {isa = PBXFileReference; lastKnownFileType = image.png; path = flower.png; sourceTree = "<group>"; };
		EDDA87D918A938850071622F /* spanner.png */ = {isa = PBXFileReference; lastKnownFileType = image.png; path = spanner.png; sourceTree = "<group>"; };
		EDDA87DB18A938910071622F /* star.png */ = {isa = PBXFileReference; lastKnownFileType = image.png; path = star.png; sourceTree = "<group>"; };
		EDDA87E218A940CB0071622F /* CategoriesViewController.h */ = {isa = PBXFileReference; fileEncoding = 4; lastKnownFileType = sourcecode.c.h; path = CategoriesViewController.h; sourceTree = "<group>"; };
		EDDA87E318A940CB0071622F /* CategoriesViewController.m */ = {isa = PBXFileReference; fileEncoding = 4; lastKnownFileType = sourcecode.c.objc; path = CategoriesViewController.m; sourceTree = "<group>"; };
		EDDA87E418A940CB0071622F /* CategoriesViewController.xib */ = {isa = PBXFileReference; fileEncoding = 4; lastKnownFileType = file.xib; path = CategoriesViewController.xib; sourceTree = "<group>"; };
		EDDA87E718A940D60071622F /* NewViewController.h */ = {isa = PBXFileReference; fileEncoding = 4; lastKnownFileType = sourcecode.c.h; path = NewViewController.h; sourceTree = "<group>"; };
		EDDA87E818A940D60071622F /* NewViewController.m */ = {isa = PBXFileReference; fileEncoding = 4; lastKnownFileType = sourcecode.c.objc; path = NewViewController.m; sourceTree = "<group>"; };
		EDDA87E918A940D60071622F /* NewViewController.xib */ = {isa = PBXFileReference; fileEncoding = 4; lastKnownFileType = file.xib; path = NewViewController.xib; sourceTree = "<group>"; };
		EDDA87EC18A940E10071622F /* SettingsViewController.h */ = {isa = PBXFileReference; fileEncoding = 4; lastKnownFileType = sourcecode.c.h; path = SettingsViewController.h; sourceTree = "<group>"; };
		EDDA87ED18A940E10071622F /* SettingsViewController.m */ = {isa = PBXFileReference; fileEncoding = 4; lastKnownFileType = sourcecode.c.objc; path = SettingsViewController.m; sourceTree = "<group>"; };
		EDDA87EE18A940E10071622F /* SettingsViewController.xib */ = {isa = PBXFileReference; fileEncoding = 4; lastKnownFileType = file.xib; path = SettingsViewController.xib; sourceTree = "<group>"; };
		EDDA87F418A948F50071622F /* RecipeCollectionViewCell.h */ = {isa = PBXFileReference; fileEncoding = 4; lastKnownFileType = sourcecode.c.h; path = RecipeCollectionViewCell.h; sourceTree = "<group>"; };
		EDDA87F518A948F50071622F /* RecipeCollectionViewCell.m */ = {isa = PBXFileReference; fileEncoding = 4; lastKnownFileType = sourcecode.c.objc; path = RecipeCollectionViewCell.m; sourceTree = "<group>"; };
		EDDA881518AA08BF0071622F /* food_items */ = {isa = PBXFileReference; lastKnownFileType = folder; path = food_items; sourceTree = "<group>"; };
		EDDA881E18AA2E450071622F /* RecipeViewController.h */ = {isa = PBXFileReference; fileEncoding = 4; lastKnownFileType = sourcecode.c.h; path = RecipeViewController.h; sourceTree = "<group>"; };
		EDDA881F18AA2E450071622F /* RecipeViewController.m */ = {isa = PBXFileReference; fileEncoding = 4; lastKnownFileType = sourcecode.c.objc; path = RecipeViewController.m; sourceTree = "<group>"; };
		EDDA882018AA2E450071622F /* RecipeViewController.xib */ = {isa = PBXFileReference; fileEncoding = 4; lastKnownFileType = file.xib; path = RecipeViewController.xib; sourceTree = "<group>"; };
		EDDA882418AB50320071622F /* AddNewDishViewController.h */ = {isa = PBXFileReference; fileEncoding = 4; lastKnownFileType = sourcecode.c.h; path = AddNewDishViewController.h; sourceTree = "<group>"; };
		EDDA882518AB50320071622F /* AddNewDishViewController.m */ = {isa = PBXFileReference; fileEncoding = 4; lastKnownFileType = sourcecode.c.objc; path = AddNewDishViewController.m; sourceTree = "<group>"; };
		EDDA882618AB50320071622F /* AddNewDishViewController.xib */ = {isa = PBXFileReference; fileEncoding = 4; lastKnownFileType = file.xib; path = AddNewDishViewController.xib; sourceTree = "<group>"; };
		EDDA882A18AB728A0071622F /* TextViewCell.h */ = {isa = PBXFileReference; fileEncoding = 4; lastKnownFileType = sourcecode.c.h; path = TextViewCell.h; sourceTree = "<group>"; };
		EDDA882B18AB728A0071622F /* TextViewCell.m */ = {isa = PBXFileReference; fileEncoding = 4; lastKnownFileType = sourcecode.c.objc; path = TextViewCell.m; sourceTree = "<group>"; };
		EDDA883418AC99180071622F /* upload.png */ = {isa = PBXFileReference; lastKnownFileType = image.png; path = upload.png; sourceTree = "<group>"; };
/* End PBXFileReference section */

/* Begin PBXFrameworksBuildPhase section */
		EDDA877E18A9300D0071622F /* Frameworks */ = {
			isa = PBXFrameworksBuildPhase;
			buildActionMask = 2147483647;
			files = (
				ED35F89518BA004600500419 /* CoreImage.framework in Frameworks */,
				ED35F89318BA003700500419 /* CFNetwork.framework in Frameworks */,
				ED35F89118BA002E00500419 /* Security.framework in Frameworks */,
				EDDA878718A9300D0071622F /* CoreGraphics.framework in Frameworks */,
				EDDA878B18A9300D0071622F /* CoreData.framework in Frameworks */,
				EDDA878918A9300D0071622F /* UIKit.framework in Frameworks */,
				EDDA878518A9300D0071622F /* Foundation.framework in Frameworks */,
			);
			runOnlyForDeploymentPostprocessing = 0;
		};
		EDDA879E18A9300D0071622F /* Frameworks */ = {
			isa = PBXFrameworksBuildPhase;
			buildActionMask = 2147483647;
			files = (
				EDDA87A318A9300D0071622F /* XCTest.framework in Frameworks */,
				EDDA87A618A9300D0071622F /* CoreData.framework in Frameworks */,
				EDDA87A518A9300D0071622F /* UIKit.framework in Frameworks */,
				EDDA87A418A9300D0071622F /* Foundation.framework in Frameworks */,
			);
			runOnlyForDeploymentPostprocessing = 0;
		};
/* End PBXFrameworksBuildPhase section */

/* Begin PBXGroup section */
		ED32995D18B752E6001F683B /* Networking Files */ = {
			isa = PBXGroup;
			children = (
				ED32995E18B75302001F683B /* API.h */,
				ED32995F18B75302001F683B /* API.m */,
			);
			name = "Networking Files";
			sourceTree = "<group>";
		};
		ED32996518B753C6001F683B /* Categories */ = {
			isa = PBXGroup;
			children = (
				ED32996618B753D1001F683B /* UIAlertView+error.h */,
				ED32996718B753D1001F683B /* UIAlertView+error.m */,
			);
			name = Categories;
			sourceTree = "<group>";
		};
		ED32996B18B75535001F683B /* LoginScreen */ = {
			isa = PBXGroup;
			children = (
				ED32996C18B75553001F683B /* LoginScreen.h */,
				ED32996D18B75553001F683B /* LoginScreen.m */,
				ED32996E18B75553001F683B /* LoginScreen.xib */,
			);
			name = LoginScreen;
			sourceTree = "<group>";
		};
		ED5407B818ACCE30001277A7 /* NSManagedObject Classes */ = {
			isa = PBXGroup;
			children = (
				ED5407B518ACCE08001277A7 /* Dish.h */,
				ED5407B618ACCE08001277A7 /* Dish.m */,
				ED5407C118ACD339001277A7 /* Dish+Create.h */,
				ED5407C218ACD339001277A7 /* Dish+Create.m */,
			);
			name = "NSManagedObject Classes";
			sourceTree = "<group>";
		};
		ED5407B918ACCF1E001277A7 /* CookCoreDataHelper */ = {
			isa = PBXGroup;
			children = (
				ED5407CA18ACDC94001277A7 /* AFMasterViewController.h */,
				ED5407CB18ACDC94001277A7 /* AFMasterViewController.m */,
				ED5407BA18ACCF39001277A7 /* CoreDataHelper.h */,
				ED5407BB18ACCF39001277A7 /* CoreDataHelper.m */,
				ED5407BD18ACD236001277A7 /* AddNewDish.h */,
				ED5407BE18ACD236001277A7 /* AddNewDish.m */,
				ED5407C718ACD83F001277A7 /* CoreDataCollectionViewController.h */,
				ED5407C818ACD83F001277A7 /* CoreDataCollectionViewController.m */,
			);
			name = CookCoreDataHelper;
			sourceTree = "<group>";
		};
		EDDA877818A9300D0071622F = {
			isa = PBXGroup;
			children = (
				EDDA878C18A9300D0071622F /* CookShare2 */,
				EDDA87A918A9300D0071622F /* CookShare2Tests */,
				EDDA878318A9300D0071622F /* Frameworks */,
				EDDA878218A9300D0071622F /* Products */,
			);
			sourceTree = "<group>";
		};
		EDDA878218A9300D0071622F /* Products */ = {
			isa = PBXGroup;
			children = (
				EDDA878118A9300D0071622F /* CookShare2.app */,
				EDDA87A118A9300D0071622F /* CookShare2Tests.xctest */,
			);
			name = Products;
			sourceTree = "<group>";
		};
		EDDA878318A9300D0071622F /* Frameworks */ = {
			isa = PBXGroup;
			children = (
				ED35F89418BA004600500419 /* CoreImage.framework */,
				ED35F89218BA003700500419 /* CFNetwork.framework */,
				ED35F89018BA002E00500419 /* Security.framework */,
				EDDA878418A9300D0071622F /* Foundation.framework */,
				EDDA878618A9300D0071622F /* CoreGraphics.framework */,
				EDDA878818A9300D0071622F /* UIKit.framework */,
				EDDA878A18A9300D0071622F /* CoreData.framework */,
				EDDA87A218A9300D0071622F /* XCTest.framework */,
			);
			name = Frameworks;
			sourceTree = "<group>";
		};
		EDDA878C18A9300D0071622F /* CookShare2 */ = {
			isa = PBXGroup;
			children = (
				EDDA87CF18A933370071622F /* res */,
				EDDA87B918A9305A0071622F /* src */,
				EDDA879518A9300D0071622F /* CSAppDelegate.h */,
				EDDA879618A9300D0071622F /* CSAppDelegate.m */,
				EDDA879B18A9300D0071622F /* Images.xcassets */,
				EDDA879818A9300D0071622F /* CookShare2.xcdatamodeld */,
				EDDA878D18A9300D0071622F /* Supporting Files */,
			);
			path = CookShare2;
			sourceTree = "<group>";
		};
		EDDA878D18A9300D0071622F /* Supporting Files */ = {
			isa = PBXGroup;
			children = (
				EDDA878E18A9300D0071622F /* CookShare2-Info.plist */,
				EDDA878F18A9300D0071622F /* InfoPlist.strings */,
				EDDA879218A9300D0071622F /* main.m */,
				EDDA879418A9300D0071622F /* CookShare2-Prefix.pch */,
			);
			name = "Supporting Files";
			sourceTree = "<group>";
		};
		EDDA87A918A9300D0071622F /* CookShare2Tests */ = {
			isa = PBXGroup;
			children = (
				EDDA87AF18A9300D0071622F /* CookShare2Tests.m */,
				EDDA87AA18A9300D0071622F /* Supporting Files */,
			);
			path = CookShare2Tests;
			sourceTree = "<group>";
		};
		EDDA87AA18A9300D0071622F /* Supporting Files */ = {
			isa = PBXGroup;
			children = (
				EDDA87AB18A9300D0071622F /* CookShare2Tests-Info.plist */,
				EDDA87AC18A9300D0071622F /* InfoPlist.strings */,
			);
			name = "Supporting Files";
			sourceTree = "<group>";
		};
		EDDA87B918A9305A0071622F /* src */ = {
			isa = PBXGroup;
			children = (
				ED32996518B753C6001F683B /* Categories */,
				ED32995D18B752E6001F683B /* Networking Files */,
				ED5407B918ACCF1E001277A7 /* CookCoreDataHelper */,
				ED5407B818ACCE30001277A7 /* NSManagedObject Classes */,
				EDDA87BA18A9305D0071622F /* views */,
			);
			name = src;
			sourceTree = "<group>";
		};
		EDDA87BA18A9305D0071622F /* views */ = {
			isa = PBXGroup;
			children = (
				ED32996B18B75535001F683B /* LoginScreen */,
				EDDA882318AB501B0071622F /* AddNewDishViewController */,
				EDDA881D18AA2E2B0071622F /* RecipeViewController */,
				EDDA87E118A940890071622F /* SettingsViewController */,
				EDDA87DF18A940680071622F /* NewViewController */,
				EDDA87DD18A9405B0071622F /* CategoriesViewController */,
				EDDA87CA18A931550071622F /* FrontViewController */,
				EDDA87C418A9312C0071622F /* RearViewController */,
				EDDA87BE18A930690071622F /* SWRevealViewController */,
			);
			name = views;
			sourceTree = "<group>";
		};
		EDDA87BE18A930690071622F /* SWRevealViewController */ = {
			isa = PBXGroup;
			children = (
				EDDA87BB18A930640071622F /* SWRevealViewController.h */,
				EDDA87BC18A930650071622F /* SWRevealViewController.m */,
			);
			name = SWRevealViewController;
			sourceTree = "<group>";
		};
		EDDA87C418A9312C0071622F /* RearViewController */ = {
			isa = PBXGroup;
			children = (
				EDDA87BF18A931130071622F /* RearViewController.h */,
				EDDA87C018A931130071622F /* RearViewController.m */,
				EDDA87C118A931130071622F /* RearViewController.xib */,
			);
			name = RearViewController;
			sourceTree = "<group>";
		};
		EDDA87CA18A931550071622F /* FrontViewController */ = {
			isa = PBXGroup;
			children = (
				EDDA87F318A948C20071622F /* RecipeCollectionViewCell */,
				EDDA87C518A9314F0071622F /* FrontViewController.h */,
				EDDA87C618A9314F0071622F /* FrontViewController.m */,
				EDDA87C718A9314F0071622F /* FrontViewController.xib */,
			);
			name = FrontViewController;
			sourceTree = "<group>";
		};
		EDDA87CF18A933370071622F /* res */ = {
			isa = PBXGroup;
			children = (
				EDDA881518AA08BF0071622F /* food_items */,
				EDDA87D018A933390071622F /* images */,
			);
			name = res;
			sourceTree = "<group>";
		};
		EDDA87D018A933390071622F /* images */ = {
			isa = PBXGroup;
			children = (
				EDDA87D118A937B10071622F /* home.png */,
				EDDA87CB18A933310071622F /* reveal-icon.png */,
				ED35F86E18B9FB9100500419 /* man.png */,
				EDDA883418AC99180071622F /* upload.png */,
				EDDA87CC18A933310071622F /* reveal-icon@2x.png */,
				EDDA87D318A937D00071622F /* gear.png */,
				ED5407B318ACAFB6001277A7 /* submit.png */,
				EDDA87D518A937EB0071622F /* new.png */,
				EDDA87DB18A938910071622F /* star.png */,
				EDDA87D718A938420071622F /* flower.png */,
				EDDA87D918A938850071622F /* spanner.png */,
			);
			name = images;
			sourceTree = "<group>";
		};
		EDDA87DD18A9405B0071622F /* CategoriesViewController */ = {
			isa = PBXGroup;
			children = (
				EDDA87E218A940CB0071622F /* CategoriesViewController.h */,
				EDDA87E318A940CB0071622F /* CategoriesViewController.m */,
				EDDA87E418A940CB0071622F /* CategoriesViewController.xib */,
			);
			name = CategoriesViewController;
			sourceTree = "<group>";
		};
		EDDA87DF18A940680071622F /* NewViewController */ = {
			isa = PBXGroup;
			children = (
				EDDA87E718A940D60071622F /* NewViewController.h */,
				EDDA87E818A940D60071622F /* NewViewController.m */,
				EDDA87E918A940D60071622F /* NewViewController.xib */,
			);
			name = NewViewController;
			sourceTree = "<group>";
		};
		EDDA87E118A940890071622F /* SettingsViewController */ = {
			isa = PBXGroup;
			children = (
				EDDA87EC18A940E10071622F /* SettingsViewController.h */,
				EDDA87ED18A940E10071622F /* SettingsViewController.m */,
				EDDA87EE18A940E10071622F /* SettingsViewController.xib */,
			);
			name = SettingsViewController;
			sourceTree = "<group>";
		};
		EDDA87F318A948C20071622F /* RecipeCollectionViewCell */ = {
			isa = PBXGroup;
			children = (
				EDDA87F418A948F50071622F /* RecipeCollectionViewCell.h */,
				EDDA87F518A948F50071622F /* RecipeCollectionViewCell.m */,
			);
			name = RecipeCollectionViewCell;
			sourceTree = "<group>";
		};
		EDDA881D18AA2E2B0071622F /* RecipeViewController */ = {
			isa = PBXGroup;
			children = (
				EDDA881E18AA2E450071622F /* RecipeViewController.h */,
				EDDA881F18AA2E450071622F /* RecipeViewController.m */,
				EDDA882018AA2E450071622F /* RecipeViewController.xib */,
			);
			name = RecipeViewController;
			sourceTree = "<group>";
		};
		EDDA882318AB501B0071622F /* AddNewDishViewController */ = {
			isa = PBXGroup;
			children = (
				EDDA882918AB726B0071622F /* TextViewCell */,
				EDDA882418AB50320071622F /* AddNewDishViewController.h */,
				EDDA882518AB50320071622F /* AddNewDishViewController.m */,
				EDDA882618AB50320071622F /* AddNewDishViewController.xib */,
			);
			name = AddNewDishViewController;
			sourceTree = "<group>";
		};
		EDDA882918AB726B0071622F /* TextViewCell */ = {
			isa = PBXGroup;
			children = (
				EDDA882A18AB728A0071622F /* TextViewCell.h */,
				EDDA882B18AB728A0071622F /* TextViewCell.m */,
			);
			name = TextViewCell;
			sourceTree = "<group>";
		};
/* End PBXGroup section */

/* Begin PBXNativeTarget section */
		EDDA878018A9300D0071622F /* CookShare2 */ = {
			isa = PBXNativeTarget;
			buildConfigurationList = EDDA87B318A9300D0071622F /* Build configuration list for PBXNativeTarget "CookShare2" */;
			buildPhases = (
				EDDA877D18A9300D0071622F /* Sources */,
				EDDA877E18A9300D0071622F /* Frameworks */,
				EDDA877F18A9300D0071622F /* Resources */,
			);
			buildRules = (
			);
			dependencies = (
			);
			name = CookShare2;
			productName = CookShare2;
			productReference = EDDA878118A9300D0071622F /* CookShare2.app */;
			productType = "com.apple.product-type.application";
		};
		EDDA87A018A9300D0071622F /* CookShare2Tests */ = {
			isa = PBXNativeTarget;
			buildConfigurationList = EDDA87B618A9300D0071622F /* Build configuration list for PBXNativeTarget "CookShare2Tests" */;
			buildPhases = (
				EDDA879D18A9300D0071622F /* Sources */,
				EDDA879E18A9300D0071622F /* Frameworks */,
				EDDA879F18A9300D0071622F /* Resources */,
			);
			buildRules = (
			);
			dependencies = (
				EDDA87A818A9300D0071622F /* PBXTargetDependency */,
			);
			name = CookShare2Tests;
			productName = CookShare2Tests;
			productReference = EDDA87A118A9300D0071622F /* CookShare2Tests.xctest */;
			productType = "com.apple.product-type.bundle.unit-test";
		};
/* End PBXNativeTarget section */

/* Begin PBXProject section */
		EDDA877918A9300D0071622F /* Project object */ = {
			isa = PBXProject;
			attributes = {
				CLASSPREFIX = CS;
				LastUpgradeCheck = 0500;
				ORGANIZATIONNAME = "Puneet Goyal";
				TargetAttributes = {
					EDDA878018A9300D0071622F = {
						DevelopmentTeam = HC9GUA88Q8;
					};
					EDDA87A018A9300D0071622F = {
						TestTargetID = EDDA878018A9300D0071622F;
					};
				};
			};
			buildConfigurationList = EDDA877C18A9300D0071622F /* Build configuration list for PBXProject "CookShare2" */;
			compatibilityVersion = "Xcode 3.2";
			developmentRegion = English;
			hasScannedForEncodings = 0;
			knownRegions = (
				en,
			);
			mainGroup = EDDA877818A9300D0071622F;
			productRefGroup = EDDA878218A9300D0071622F /* Products */;
			projectDirPath = "";
			projectRoot = "";
			targets = (
				EDDA878018A9300D0071622F /* CookShare2 */,
				EDDA87A018A9300D0071622F /* CookShare2Tests */,
			);
		};
/* End PBXProject section */

/* Begin PBXResourcesBuildPhase section */
		EDDA877F18A9300D0071622F /* Resources */ = {
			isa = PBXResourcesBuildPhase;
			buildActionMask = 2147483647;
			files = (
				EDDA87C918A9314F0071622F /* FrontViewController.xib in Resources */,
				EDDA882818AB50320071622F /* AddNewDishViewController.xib in Resources */,
				ED35F86F18B9FB9100500419 /* man.png in Resources */,
				EDDA883518AC99180071622F /* upload.png in Resources */,
				EDDA879118A9300D0071622F /* InfoPlist.strings in Resources */,
				EDDA87DA18A938850071622F /* spanner.png in Resources */,
				EDDA881618AA08BF0071622F /* food_items in Resources */,
				EDDA87D418A937D00071622F /* gear.png in Resources */,
				EDDA87F018A940E10071622F /* SettingsViewController.xib in Resources */,
				EDDA87D618A937EB0071622F /* new.png in Resources */,
				EDDA87E618A940CB0071622F /* CategoriesViewController.xib in Resources */,
				ED5407B418ACAFB6001277A7 /* submit.png in Resources */,
				EDDA87DC18A938910071622F /* star.png in Resources */,
				EDDA882218AA2E450071622F /* RecipeViewController.xib in Resources */,
				EDDA87D218A937B10071622F /* home.png in Resources */,
				EDDA87CE18A933310071622F /* reveal-icon@2x.png in Resources */,
				EDDA87C318A931130071622F /* RearViewController.xib in Resources */,
				EDDA879C18A9300D0071622F /* Images.xcassets in Resources */,
				EDDA87EB18A940D60071622F /* NewViewController.xib in Resources */,
				EDDA87D818A938420071622F /* flower.png in Resources */,
				EDDA87CD18A933310071622F /* reveal-icon.png in Resources */,
				ED32997018B75553001F683B /* LoginScreen.xib in Resources */,
			);
			runOnlyForDeploymentPostprocessing = 0;
		};
		EDDA879F18A9300D0071622F /* Resources */ = {
			isa = PBXResourcesBuildPhase;
			buildActionMask = 2147483647;
			files = (
				EDDA87AE18A9300D0071622F /* InfoPlist.strings in Resources */,
			);
			runOnlyForDeploymentPostprocessing = 0;
		};
/* End PBXResourcesBuildPhase section */

/* Begin PBXSourcesBuildPhase section */
		EDDA877D18A9300D0071622F /* Sources */ = {
			isa = PBXSourcesBuildPhase;
			buildActionMask = 2147483647;
			files = (
				EDDA87C818A9314F0071622F /* FrontViewController.m in Sources */,
				ED32996F18B75553001F683B /* LoginScreen.m in Sources */,
				EDDA879718A9300D0071622F /* CSAppDelegate.m in Sources */,
				ED5407C918ACD83F001277A7 /* CoreDataCollectionViewController.m in Sources */,
				ED5407BF18ACD236001277A7 /* AddNewDish.m in Sources */,
				EDDA879318A9300D0071622F /* main.m in Sources */,
				ED5407B718ACCE08001277A7 /* Dish.m in Sources */,
				EDDA87EF18A940E10071622F /* SettingsViewController.m in Sources */,
				ED5407BC18ACCF39001277A7 /* CoreDataHelper.m in Sources */,
				ED32996818B753D1001F683B /* UIAlertView+error.m in Sources */,
				ED5407CC18ACDC94001277A7 /* AFMasterViewController.m in Sources */,
				EDDA87E518A940CB0071622F /* CategoriesViewController.m in Sources */,
				ED5407C318ACD339001277A7 /* Dish+Create.m in Sources */,
				EDDA879A18A9300D0071622F /* CookShare2.xcdatamodeld in Sources */,
				EDDA87F618A948F50071622F /* RecipeCollectionViewCell.m in Sources */,
				EDDA87BD18A930650071622F /* SWRevealViewController.m in Sources */,
				ED32996018B75302001F683B /* API.m in Sources */,
				EDDA87C218A931130071622F /* RearViewController.m in Sources */,
				EDDA882118AA2E450071622F /* RecipeViewController.m in Sources */,
				EDDA87EA18A940D60071622F /* NewViewController.m in Sources */,
				EDDA882718AB50320071622F /* AddNewDishViewController.m in Sources */,
				EDDA882C18AB728A0071622F /* TextViewCell.m in Sources */,
			);
			runOnlyForDeploymentPostprocessing = 0;
		};
		EDDA879D18A9300D0071622F /* Sources */ = {
			isa = PBXSourcesBuildPhase;
			buildActionMask = 2147483647;
			files = (
				EDDA87B018A9300D0071622F /* CookShare2Tests.m in Sources */,
			);
			runOnlyForDeploymentPostprocessing = 0;
		};
/* End PBXSourcesBuildPhase section */

/* Begin PBXTargetDependency section */
		EDDA87A818A9300D0071622F /* PBXTargetDependency */ = {
			isa = PBXTargetDependency;
			target = EDDA878018A9300D0071622F /* CookShare2 */;
			targetProxy = EDDA87A718A9300D0071622F /* PBXContainerItemProxy */;
		};
/* End PBXTargetDependency section */

/* Begin PBXVariantGroup section */
		EDDA878F18A9300D0071622F /* InfoPlist.strings */ = {
			isa = PBXVariantGroup;
			children = (
				EDDA879018A9300D0071622F /* en */,
			);
			name = InfoPlist.strings;
			sourceTree = "<group>";
		};
		EDDA87AC18A9300D0071622F /* InfoPlist.strings */ = {
			isa = PBXVariantGroup;
			children = (
				EDDA87AD18A9300D0071622F /* en */,
			);
			name = InfoPlist.strings;
			sourceTree = "<group>";
		};
/* End PBXVariantGroup section */

/* Begin XCBuildConfiguration section */
		EDDA87B118A9300D0071622F /* Debug */ = {
			isa = XCBuildConfiguration;
			buildSettings = {
				ALWAYS_SEARCH_USER_PATHS = NO;
				ARCHS = "$(ARCHS_STANDARD)";
				CLANG_CXX_LANGUAGE_STANDARD = "gnu++0x";
				CLANG_CXX_LIBRARY = "libc++";
				CLANG_ENABLE_MODULES = YES;
				CLANG_ENABLE_OBJC_ARC = YES;
				CLANG_WARN_BOOL_CONVERSION = YES;
				CLANG_WARN_CONSTANT_CONVERSION = YES;
				CLANG_WARN_DIRECT_OBJC_ISA_USAGE = YES_ERROR;
				CLANG_WARN_EMPTY_BODY = YES;
				CLANG_WARN_ENUM_CONVERSION = YES;
				CLANG_WARN_INT_CONVERSION = YES;
				CLANG_WARN_OBJC_ROOT_CLASS = YES_ERROR;
				CLANG_WARN__DUPLICATE_METHOD_MATCH = YES;
				CODE_SIGN_IDENTITY = "iPhone Developer: Puneet Goyal (H29T42J8J6)";
				"CODE_SIGN_IDENTITY[sdk=iphoneos*]" = "iPhone Developer: Puneet Goyal (H29T42J8J6)";
				COPY_PHASE_STRIP = NO;
				GCC_C_LANGUAGE_STANDARD = gnu99;
				GCC_DYNAMIC_NO_PIC = NO;
				GCC_OPTIMIZATION_LEVEL = 0;
				GCC_PREPROCESSOR_DEFINITIONS = (
					"DEBUG=1",
					"$(inherited)",
				);
				GCC_SYMBOLS_PRIVATE_EXTERN = NO;
				GCC_WARN_64_TO_32_BIT_CONVERSION = YES;
				GCC_WARN_ABOUT_RETURN_TYPE = YES_ERROR;
				GCC_WARN_UNDECLARED_SELECTOR = YES;
				GCC_WARN_UNINITIALIZED_AUTOS = YES;
				GCC_WARN_UNUSED_FUNCTION = YES;
				GCC_WARN_UNUSED_VARIABLE = YES;
				IPHONEOS_DEPLOYMENT_TARGET = 5.0;
				ONLY_ACTIVE_ARCH = YES;
				PROVISIONING_PROFILE = "B43F1764-BB4B-46CD-8336-98F572B99AA4";
				SDKROOT = iphoneos;
				TARGETED_DEVICE_FAMILY = "1,2";
			};
			name = Debug;
		};
		EDDA87B218A9300D0071622F /* Release */ = {
			isa = XCBuildConfiguration;
			buildSettings = {
				ALWAYS_SEARCH_USER_PATHS = NO;
				ARCHS = "$(ARCHS_STANDARD)";
				CLANG_CXX_LANGUAGE_STANDARD = "gnu++0x";
				CLANG_CXX_LIBRARY = "libc++";
				CLANG_ENABLE_MODULES = YES;
				CLANG_ENABLE_OBJC_ARC = YES;
				CLANG_WARN_BOOL_CONVERSION = YES;
				CLANG_WARN_CONSTANT_CONVERSION = YES;
				CLANG_WARN_DIRECT_OBJC_ISA_USAGE = YES_ERROR;
				CLANG_WARN_EMPTY_BODY = YES;
				CLANG_WARN_ENUM_CONVERSION = YES;
				CLANG_WARN_INT_CONVERSION = YES;
				CLANG_WARN_OBJC_ROOT_CLASS = YES_ERROR;
				CLANG_WARN__DUPLICATE_METHOD_MATCH = YES;
				CODE_SIGN_IDENTITY = "iPhone Developer: Puneet Goyal (H29T42J8J6)";
				"CODE_SIGN_IDENTITY[sdk=iphoneos*]" = "iPhone Developer: Puneet Goyal (H29T42J8J6)";
				COPY_PHASE_STRIP = YES;
				ENABLE_NS_ASSERTIONS = NO;
				GCC_C_LANGUAGE_STANDARD = gnu99;
				GCC_WARN_64_TO_32_BIT_CONVERSION = YES;
				GCC_WARN_ABOUT_RETURN_TYPE = YES_ERROR;
				GCC_WARN_UNDECLARED_SELECTOR = YES;
				GCC_WARN_UNINITIALIZED_AUTOS = YES;
				GCC_WARN_UNUSED_FUNCTION = YES;
				GCC_WARN_UNUSED_VARIABLE = YES;
				IPHONEOS_DEPLOYMENT_TARGET = 5.0;
				ONLY_ACTIVE_ARCH = YES;
				PROVISIONING_PROFILE = "B43F1764-BB4B-46CD-8336-98F572B99AA4";
				SDKROOT = iphoneos;
				TARGETED_DEVICE_FAMILY = "1,2";
				VALIDATE_PRODUCT = YES;
			};
			name = Release;
		};
		EDDA87B418A9300D0071622F /* Debug */ = {
			isa = XCBuildConfiguration;
			buildSettings = {
				ASSETCATALOG_COMPILER_APPICON_NAME = AppIcon;
				ASSETCATALOG_COMPILER_LAUNCHIMAGE_NAME = LaunchImage;
				CODE_SIGN_IDENTITY = "iPhone Developer";
				"CODE_SIGN_IDENTITY[sdk=iphoneos*]" = "iPhone Developer";
				GCC_PRECOMPILE_PREFIX_HEADER = YES;
				GCC_PREFIX_HEADER = "CookShare2/CookShare2-Prefix.pch";
				INFOPLIST_FILE = "CookShare2/CookShare2-Info.plist";
				IPHONEOS_DEPLOYMENT_TARGET = 6.1;
				PRODUCT_NAME = "$(TARGET_NAME)";
				PROVISIONING_PROFILE = "";
				WRAPPER_EXTENSION = app;
			};
			name = Debug;
		};
		EDDA87B518A9300D0071622F /* Release */ = {
			isa = XCBuildConfiguration;
			buildSettings = {
				ASSETCATALOG_COMPILER_APPICON_NAME = AppIcon;
				ASSETCATALOG_COMPILER_LAUNCHIMAGE_NAME = LaunchImage;
				CODE_SIGN_IDENTITY = "iPhone Developer";
				"CODE_SIGN_IDENTITY[sdk=iphoneos*]" = "iPhone Developer";
				GCC_PRECOMPILE_PREFIX_HEADER = YES;
				GCC_PREFIX_HEADER = "CookShare2/CookShare2-Prefix.pch";
				INFOPLIST_FILE = "CookShare2/CookShare2-Info.plist";
				IPHONEOS_DEPLOYMENT_TARGET = 6.1;
				PRODUCT_NAME = "$(TARGET_NAME)";
				PROVISIONING_PROFILE = "";
				WRAPPER_EXTENSION = app;
			};
			name = Release;
		};
		EDDA87B718A9300D0071622F /* Debug */ = {
			isa = XCBuildConfiguration;
			buildSettings = {
				ARCHS = "$(ARCHS_STANDARD_INCLUDING_64_BIT)";
				BUNDLE_LOADER = "$(BUILT_PRODUCTS_DIR)/CookShare2.app/CookShare2";
				FRAMEWORK_SEARCH_PATHS = (
					"$(SDKROOT)/Developer/Library/Frameworks",
					"$(inherited)",
					"$(DEVELOPER_FRAMEWORKS_DIR)",
				);
				GCC_PRECOMPILE_PREFIX_HEADER = YES;
				GCC_PREFIX_HEADER = "CookShare2/CookShare2-Prefix.pch";
				GCC_PREPROCESSOR_DEFINITIONS = (
					"DEBUG=1",
					"$(inherited)",
				);
				INFOPLIST_FILE = "CookShare2Tests/CookShare2Tests-Info.plist";
				PRODUCT_NAME = "$(TARGET_NAME)";
				TEST_HOST = "$(BUNDLE_LOADER)";
				WRAPPER_EXTENSION = xctest;
			};
			name = Debug;
		};
		EDDA87B818A9300D0071622F /* Release */ = {
			isa = XCBuildConfiguration;
			buildSettings = {
				ARCHS = "$(ARCHS_STANDARD_INCLUDING_64_BIT)";
				BUNDLE_LOADER = "$(BUILT_PRODUCTS_DIR)/CookShare2.app/CookShare2";
				FRAMEWORK_SEARCH_PATHS = (
					"$(SDKROOT)/Developer/Library/Frameworks",
					"$(inherited)",
					"$(DEVELOPER_FRAMEWORKS_DIR)",
				);
				GCC_PRECOMPILE_PREFIX_HEADER = YES;
				GCC_PREFIX_HEADER = "CookShare2/CookShare2-Prefix.pch";
				INFOPLIST_FILE = "CookShare2Tests/CookShare2Tests-Info.plist";
				PRODUCT_NAME = "$(TARGET_NAME)";
				TEST_HOST = "$(BUNDLE_LOADER)";
				WRAPPER_EXTENSION = xctest;
			};
			name = Release;
		};
/* End XCBuildConfiguration section */

/* Begin XCConfigurationList section */
		EDDA877C18A9300D0071622F /* Build configuration list for PBXProject "CookShare2" */ = {
			isa = XCConfigurationList;
			buildConfigurations = (
				EDDA87B118A9300D0071622F /* Debug */,
				EDDA87B218A9300D0071622F /* Release */,
			);
			defaultConfigurationIsVisible = 0;
			defaultConfigurationName = Release;
		};
		EDDA87B318A9300D0071622F /* Build configuration list for PBXNativeTarget "CookShare2" */ = {
			isa = XCConfigurationList;
			buildConfigurations = (
				EDDA87B418A9300D0071622F /* Debug */,
				EDDA87B518A9300D0071622F /* Release */,
			);
			defaultConfigurationIsVisible = 0;
			defaultConfigurationName = Release;
		};
		EDDA87B618A9300D0071622F /* Build configuration list for PBXNativeTarget "CookShare2Tests" */ = {
			isa = XCConfigurationList;
			buildConfigurations = (
				EDDA87B718A9300D0071622F /* Debug */,
				EDDA87B818A9300D0071622F /* Release */,
			);
			defaultConfigurationIsVisible = 0;
			defaultConfigurationName = Release;
		};
/* End XCConfigurationList section */

/* Begin XCVersionGroup section */
		EDDA879818A9300D0071622F /* CookShare2.xcdatamodeld */ = {
			isa = XCVersionGroup;
			children = (
				EDDA879918A9300D0071622F /* CookShare2.xcdatamodel */,
			);
			currentVersion = EDDA879918A9300D0071622F /* CookShare2.xcdatamodel */;
			path = CookShare2.xcdatamodeld;
			sourceTree = "<group>";
			versionGroupType = wrapper.xcdatamodel;
		};
/* End XCVersionGroup section */
	};
	rootObject = EDDA877918A9300D0071622F /* Project object */;
}
